
Microsoft Visual Studio Solution File, Format Version 12.00
# Visual Studio Version 17
VisualStudioVersion = 17.9.34622.214
MinimumVisualStudioVersion = 10.0.40219.1
Project("{FAE04EC0-301F-11D3-BF4B-00C04F79EFBC}") = "YinxiangbijiConverter", "YinxiangbijiConverter.csproj", "{6B1E6B34-74B6-4B1F-B973-08F2C6138B40}"
EndProject
Global
	GlobalSection(SolutionConfigurationPlatforms) = preSolution
		Debug|Any CPU = Debug|Any CPU
		Release|Any CPU = Release|Any CPU
	EndGlobalSection
	GlobalSection(ProjectConfigurationPlatforms) = postSolution
		{6B1E6B34-74B6-4B1F-B973-08F2C6138B40}.Debug|Any CPU.ActiveCfg = Debug|Any CPU
		{6B1E6B34-74B6-4B1F-B973-08F2C6138B40}.Debug|Any CPU.Build.0 = Debug|Any CPU
		{6B1E6B34-74B6-4B1F-B973-08F2C6138B40}.Release|Any CPU.ActiveCfg = Release|Any CPU
		{6B1E6B34-74B6-4B1F-B973-08F2C6138B40}.Release|Any CPU.Build.0 = Release|Any CPU
	EndGlobalSection
	GlobalSection(SolutionProperties) = preSolution
		HideSolutionNode = FALSE
	EndGlobalSection
	GlobalSection(ExtensibilityGlobals) = postSolution
		SolutionGuid = {B82BDD84-FBE5-4838-9E7F-62E52865D4B1}
	EndGlobalSection
EndGlobal
